
Microsoft Visual Studio Solution File, Format Version 12.00
# Visual Studio Version 17
VisualStudioVersion = 17.0.31903.59
MinimumVisualStudioVersion = 10.0.40219.1
Project("{FAE04EC0-301F-11D3-BF4B-00C04F79EFBC}") = "DaveApi", "DaveApi\DaveApi.csproj", "{1793A0ED-DE05-4DE0-BF47-89B85F08FC78}"
EndProject
Project("{FAE04EC0-301F-11D3-BF4B-00C04F79EFBC}") = "DaveApi.test", "DaveApi.test\DaveApi.test.csproj", "{EA34460D-A10D-43C6-98D8-7A44FD1CFADD}"
EndProject
Global
	GlobalSection(SolutionConfigurationPlatforms) = preSolution
		Debug|Any CPU = Debug|Any CPU
		Debug|x64 = Debug|x64
		Debug|x86 = Debug|x86
		Release|Any CPU = Release|Any CPU
		Release|x64 = Release|x64
		Release|x86 = Release|x86
	EndGlobalSection
	GlobalSection(ProjectConfigurationPlatforms) = postSolution
		{1793A0ED-DE05-4DE0-BF47-89B85F08FC78}.Debug|Any CPU.ActiveCfg = Debug|Any CPU
		{1793A0ED-DE05-4DE0-BF47-89B85F08FC78}.Debug|Any CPU.Build.0 = Debug|Any CPU
		{1793A0ED-DE05-4DE0-BF47-89B85F08FC78}.Debug|x64.ActiveCfg = Debug|Any CPU
		{1793A0ED-DE05-4DE0-BF47-89B85F08FC78}.Debug|x64.Build.0 = Debug|Any CPU
		{1793A0ED-DE05-4DE0-BF47-89B85F08FC78}.Debug|x86.ActiveCfg = Debug|Any CPU
		{1793A0ED-DE05-4DE0-BF47-89B85F08FC78}.Debug|x86.Build.0 = Debug|Any CPU
		{1793A0ED-DE05-4DE0-BF47-89B85F08FC78}.Release|Any CPU.ActiveCfg = Release|Any CPU
		{1793A0ED-DE05-4DE0-BF47-89B85F08FC78}.Release|Any CPU.Build.0 = Release|Any CPU
		{1793A0ED-DE05-4DE0-BF47-89B85F08FC78}.Release|x64.ActiveCfg = Release|Any CPU
		{1793A0ED-DE05-4DE0-BF47-89B85F08FC78}.Release|x64.Build.0 = Release|Any CPU
		{1793A0ED-DE05-4DE0-BF47-89B85F08FC78}.Release|x86.ActiveCfg = Release|Any CPU
		{1793A0ED-DE05-4DE0-BF47-89B85F08FC78}.Release|x86.Build.0 = Release|Any CPU
		{EA34460D-A10D-43C6-98D8-7A44FD1CFADD}.Debug|Any CPU.ActiveCfg = Debug|Any CPU
		{EA34460D-A10D-43C6-98D8-7A44FD1CFADD}.Debug|Any CPU.Build.0 = Debug|Any CPU
		{EA34460D-A10D-43C6-98D8-7A44FD1CFADD}.Debug|x64.ActiveCfg = Debug|Any CPU
		{EA34460D-A10D-43C6-98D8-7A44FD1CFADD}.Debug|x64.Build.0 = Debug|Any CPU
		{EA34460D-A10D-43C6-98D8-7A44FD1CFADD}.Debug|x86.ActiveCfg = Debug|Any CPU
		{EA34460D-A10D-43C6-98D8-7A44FD1CFADD}.Debug|x86.Build.0 = Debug|Any CPU
		{EA34460D-A10D-43C6-98D8-7A44FD1CFADD}.Release|Any CPU.ActiveCfg = Release|Any CPU
		{EA34460D-A10D-43C6-98D8-7A44FD1CFADD}.Release|Any CPU.Build.0 = Release|Any CPU
		{EA34460D-A10D-43C6-98D8-7A44FD1CFADD}.Release|x64.ActiveCfg = Release|Any CPU
		{EA34460D-A10D-43C6-98D8-7A44FD1CFADD}.Release|x64.Build.0 = Release|Any CPU
		{EA34460D-A10D-43C6-98D8-7A44FD1CFADD}.Release|x86.ActiveCfg = Release|Any CPU
		{EA34460D-A10D-43C6-98D8-7A44FD1CFADD}.Release|x86.Build.0 = Release|Any CPU
	EndGlobalSection
	GlobalSection(SolutionProperties) = preSolution
		HideSolutionNode = FALSE
	EndGlobalSection
EndGlobal
